<?xml version="1.0" encoding="utf-8"?>
<Project ToolsVersion="4.0" xmlns="http://schemas.microsoft.com/developer/msbuild/2003">
  <ItemGroup>
    <Object Include="..\..\..\..\..\..\Irvine\Lib32\Irvine32_Library\Irvine32.obj" />
  </ItemGroup>
  <ItemGroup>
    <MASM Include="Plantilla_0.asm" />
    <MASM Include="Programa_1_Condicionales.asm" />
    <MASM Include="Programa_2_ChecarNumEsPar.asm" />
    <MASM Include="P_3_Lectura_Numeros.asm" />
    <MASM Include="P_4_EscrituraCadenaConsola.asm" />
    <MASM Include="P_5_SumaDosNumeros.asm" />
    <MASM Include="P_6_Promedio_3Numeros.asm" />
    <MASM Include="P_7_AreaRectangulo.asm" />
    <MASM Include="P_8_PuntoMedio.asm" />
    <MASM Include="T1_AreaTriangulo.asm">
      <Filter>Tareas</Filter>
    </MASM>
    <MASM Include="T2_Cuadrado_de_un_Numero.asm">
      <Filter>Tareas</Filter>
    </MASM>
    <MASM Include="T3_Perimetro_Rectangulo.asm">
      <Filter>Tareas</Filter>
    </MASM>
    <MASM Include="T4_Area_Pentagono.asm">
      <Filter>Tareas</Filter>
    </MASM>
    <MASM Include="T5_Sueldo_Trabajador.asm">
      <Filter>Tareas</Filter>
    </MASM>
    <MASM Include="T6_Promedio_Materias.asm">
      <Filter>Tareas</Filter>
    </MASM>
    <MASM Include="T7_Valor_Absoluto.asm">
      <Filter>Tareas</Filter>
    </MASM>
    <MASM Include="T8_Mayor_Menor_Igual.asm">
      <Filter>Tareas</Filter>
    </MASM>
    <MASM Include="P_9_IntroduccionLoop.asm" />
    <MASM Include="P_10_Checar_Pares_Con_Loop.asm" />
    <MASM Include="P_11_ChecarSiNumeroEsPrimo.asm" />
    <MASM Include="T9_Tablas_Multiplicar.asm">
      <Filter>Tareas</Filter>
    </MASM>
    <MASM Include="P_12_Pila_En_Ensamblador.asm" />
    <MASM Include="P_13_IntroPila.asm" />
    <MASM Include="P_14_XCHG.asm" />
  </ItemGroup>
  <ItemGroup>
    <Filter Include="Tareas">
      <UniqueIdentifier>{e89d5ec0-faa0-4e27-8554-7d60bfd10f0e}</UniqueIdentifier>
    </Filter>
  </ItemGroup>
</Project>